{
  "name": "extension-modifier",
  "version": "1.0.0",
  "lockfileVersion": 1,
  "requires": true,
  "dependencies": {
    "directory-tree": {
      "version": "2.2.7",
      "resolved": "https://registry.npmjs.org/directory-tree/-/directory-tree-2.2.7.tgz",
      "integrity": "sha512-fgTad/YdV6Y2njsCRK4fl4ZUlGhmb5xj1qrZUIMjvnrKvghVqh8dkB+OUssjYVvb/Q2L+5+8XG0l5uTGI9/8iQ=="
    },
    "flatten-array": {
      "version": "1.0.0",
      "resolved": "https://registry.npmjs.org/flatten-array/-/flatten-array-1.0.0.tgz",
      "integrity": "sha1-Zz27bYRX4GAODCZQENnWFtnaZls="
    }
  }
}
