# THIS IS AN AUTOGENERATED FILE. DO NOT EDIT THIS FILE DIRECTLY.
# yarn lockfile v1


arg@^5.0.0:
  version "5.0.0"
  resolved "https://registry.yarnpkg.com/arg/-/arg-5.0.0.tgz#a20e2bb5710e82950a516b3f933fee5ed478be90"
  integrity sha512-4P8Zm2H+BRS+c/xX1LrHw0qKpEhdlZjLCgWy+d78T9vqa2Z2SiD2wMrYuWIAFy5IZUD7nnNXroRttz+0RzlrzQ==

bindings@^1.5.0:
  version "1.5.0"
  resolved "https://registry.yarnpkg.com/bindings/-/bindings-1.5.0.tgz#10353c9e945334bc0511a6d90b38fbc7c9c504df"
  integrity sha512-p2q/t/mhvuOj/UeLlV6566GD/guowlr0hHxClI0W9m7MWYkL1F0hLo+0Aexs9HSPCtR1SXQ0TD3MMKrXZajbiQ==
  dependencies:
    file-uri-to-path "1.0.0"

commander@^2.9.0:
  version "2.20.3"
  resolved "https://registry.yarnpkg.com/commander/-/commander-2.20.3.tgz#fd485e84c03eb4881c20722ba48035e8531aeb33"
  integrity sha512-GpVkmM8vF2vQUkj2LvZmD35JxeJOLCwJ9cUkugyk2nuhbv3+mJvpLYYt+0+USMxE+oj+ey/lJEnhZw75x/OMcQ==

file-uri-to-path@1.0.0:
  version "1.0.0"
  resolved "https://registry.yarnpkg.com/file-uri-to-path/-/file-uri-to-path-1.0.0.tgz#553a7b8446ff6f684359c445f1e37a05dacc33dd"
  integrity sha512-0Zt+s3L7Vf1biwWZ29aARiVYLx7iMGnEUl9x33fbB/j3jR81u/O2LbqK+Bm1CDSNDKVtJ/YjwY7TUd5SkeLQLw==

generate-schema@^2.6.0:
  version "2.6.0"
  resolved "https://registry.yarnpkg.com/generate-schema/-/generate-schema-2.6.0.tgz#9ac037550fd4243783a9f7681d39bee8870bcec2"
  integrity sha512-EUBKfJNzT8f91xUk5X5gKtnbdejZeE065UAJ3BCzE8VEbvwKI9Pm5jaWmqVeK1MYc1g5weAVFDTSJzN7ymtTqA==
  dependencies:
    commander "^2.9.0"
    type-of-is "^3.4.0"

hoek@5.x.x:
  version "5.0.4"
  resolved "https://registry.yarnpkg.com/hoek/-/hoek-5.0.4.tgz#0f7fa270a1cafeb364a4b2ddfaa33f864e4157da"
  integrity sha512-Alr4ZQgoMlnere5FZJsIyfIjORBqZll5POhDsF4q64dPuJR6rNxXdDxtHSQq8OXRurhmx+PWYEE8bXRROY8h0w==

hoek@6.x.x:
  version "6.1.3"
  resolved "https://registry.yarnpkg.com/hoek/-/hoek-6.1.3.tgz#73b7d33952e01fe27a38b0457294b79dd8da242c"
  integrity sha512-YXXAAhmF9zpQbC7LEcREFtXfGq5K1fmd+4PHkBq8NUqmzW3G+Dq10bI/i0KucLRwss3YYFQ0fSfoxBZYiGUqtQ==

hoek@^4.2.1:
  version "4.2.1"
  resolved "https://registry.yarnpkg.com/hoek/-/hoek-4.2.1.tgz#9634502aa12c445dd5a7c5734b572bb8738aacbb"
  integrity sha512-QLg82fGkfnJ/4iy1xZ81/9SIJiq1NGFUMGs6ParyjBZr6jW2Ufj/snDqTHixNlHdPNwN2RLVD0Pi3igeK9+JfA==

isemail@3.x.x:
  version "3.2.0"
  resolved "https://registry.yarnpkg.com/isemail/-/isemail-3.2.0.tgz#59310a021931a9fb06bbb51e155ce0b3f236832c"
  integrity sha512-zKqkK+O+dGqevc93KNsbZ/TqTUFd46MwWjYOoMrjIMZ51eU7DtQG3Wmd9SQQT7i7RVnuTPEiYEWHU3MSbxC1Tg==
  dependencies:
    punycode "2.x.x"

joi@^13.1.2:
  version "13.7.0"
  resolved "https://registry.yarnpkg.com/joi/-/joi-13.7.0.tgz#cfd85ebfe67e8a1900432400b4d03bbd93fb879f"
  integrity sha512-xuY5VkHfeOYK3Hdi91ulocfuFopwgbSORmIwzcwHKESQhC7w1kD5jaVSPnqDxS2I8t3RZ9omCKAxNwXN5zG1/Q==
  dependencies:
    hoek "5.x.x"
    isemail "3.x.x"
    topo "3.x.x"

nan@^2.13.2:
  version "2.14.2"
  resolved "https://registry.yarnpkg.com/nan/-/nan-2.14.2.tgz#f5376400695168f4cc694ac9393d0c9585eeea19"
  integrity sha512-M2ufzIiINKCuDfBSAUr1vWQ+vuVcA9kqx8JJUsbQi6yf1uGRyb7HfpdfUr5qLXf3B/t8dPvcjhKMmlfnP47EzQ==

node-cmd@^4.0.0:
  version "4.0.0"
  resolved "https://registry.yarnpkg.com/node-cmd/-/node-cmd-4.0.0.tgz#a0187d9b779b59f1e8a70545ab8e8276a4b8c693"
  integrity sha512-3OHy8KI8MuwADyugQRZBsaqe3c0r3yxQSoLsDBVk7vAjPmfG01512MPBQjfmBJxrH+2qURbiBf/ZyoimrhdA6A==

node-expat@^2.3.18:
  version "2.3.18"
  resolved "https://registry.yarnpkg.com/node-expat/-/node-expat-2.3.18.tgz#d9e6949cecda15e131f14259b73dc7b9ed7bc560"
  integrity sha512-9dIrDxXePa9HSn+hhlAg1wXkvqOjxefEbMclGxk2cEnq/Y3U7Qo5HNNqeo3fQ4bVmLhcdt3YN1TZy7WMZy4MHw==
  dependencies:
    bindings "^1.5.0"
    nan "^2.13.2"

punycode@2.x.x:
  version "2.1.1"
  resolved "https://registry.yarnpkg.com/punycode/-/punycode-2.1.1.tgz#b58b010ac40c22c5657616c8d2c2c02c7bf479ec"
  integrity sha512-XRsRjdf+j5ml+y/6GKHPZbrF/8p2Yga0JPtdqTIY2Xe5ohJPD9saDJJLPvp9+NSBprVvevdXZybnj2cv8OEd0A==

topo@3.x.x:
  version "3.0.3"
  resolved "https://registry.yarnpkg.com/topo/-/topo-3.0.3.tgz#d5a67fb2e69307ebeeb08402ec2a2a6f5f7ad95c"
  integrity sha512-IgpPtvD4kjrJ7CRA3ov2FhWQADwv+Tdqbsf1ZnPUSAtCJ9e1Z44MmoSGDXGk4IppoZA7jd/QRkNddlLJWlUZsQ==
  dependencies:
    hoek "6.x.x"

type-of-is@^3.4.0:
  version "3.5.1"
  resolved "https://registry.yarnpkg.com/type-of-is/-/type-of-is-3.5.1.tgz#eec2fc89b828dbf9900eb6416eee30f4fe0fcd31"
  integrity sha1-7sL8ibgo2/mQDrZBbu4w9P4PzTE=

xml2json@^0.12.0:
  version "0.12.0"
  resolved "https://registry.yarnpkg.com/xml2json/-/xml2json-0.12.0.tgz#b2ae450b267033b76d896f86e022fa7bff678572"
  integrity sha512-EPJHRWJnJUYbJlzR4pBhZODwWdi2IaYGtDdteJi0JpZ4OD31IplWALuit8r73dJuM4iHZdDVKY1tLqY2UICejg==
  dependencies:
    hoek "^4.2.1"
    joi "^13.1.2"
    node-expat "^2.3.18"
